
Microsoft Visual Studio Solution File, Format Version 12.00
# Visual Studio Version 17
VisualStudioVersion = 17.12.35527.113
MinimumVisualStudioVersion = 10.0.40219.1
Project("{FAE04EC0-301F-11D3-BF4B-00C04F79EFBC}") = "sumad", "sumad\sumad.csproj", "{B40594A4-E1CA-445F-8EA6-CDD7B740B481}"
EndProject
Global
	GlobalSection(SolutionConfigurationPlatforms) = preSolution
		Debug|Any CPU = Debug|Any CPU
		Debug|x64 = Debug|x64
		Release|Any CPU = Release|Any CPU
		Release|x64 = Release|x64
	EndGlobalSection
	GlobalSection(ProjectConfigurationPlatforms) = postSolution
		{B40594A4-E1CA-445F-8EA6-CDD7B740B481}.Debug|Any CPU.ActiveCfg = Debug|Any CPU
		{B40594A4-E1CA-445F-8EA6-CDD7B740B481}.Debug|Any CPU.Build.0 = Debug|Any CPU
		{B40594A4-E1CA-445F-8EA6-CDD7B740B481}.Debug|x64.ActiveCfg = Debug|Any CPU
		{B40594A4-E1CA-445F-8EA6-CDD7B740B481}.Debug|x64.Build.0 = Debug|Any CPU
		{B40594A4-E1CA-445F-8EA6-CDD7B740B481}.Release|Any CPU.ActiveCfg = Release|Any CPU
		{B40594A4-E1CA-445F-8EA6-CDD7B740B481}.Release|Any CPU.Build.0 = Release|Any CPU
		{B40594A4-E1CA-445F-8EA6-CDD7B740B481}.Release|x64.ActiveCfg = Release|x64
		{B40594A4-E1CA-445F-8EA6-CDD7B740B481}.Release|x64.Build.0 = Release|x64
	EndGlobalSection
	GlobalSection(SolutionProperties) = preSolution
		HideSolutionNode = FALSE
	EndGlobalSection
EndGlobal
